
Microsoft Visual Studio Solution File, Format Version 12.00
# Visual Studio Version 17
VisualStudioVersion = 17.8.34309.116
MinimumVisualStudioVersion = 10.0.40219.1
Project("{FAE04EC0-301F-11D3-BF4B-00C04F79EFBC}") = "NewTalents", "NewTalents\NewTalents.csproj", "{F85D528C-1C31-4934-BC3B-D2A0BC9061AC}"
EndProject
Project("{FAE04EC0-301F-11D3-BF4B-00C04F79EFBC}") = "TesteNewTalents", "TesteNewTalents\TesteNewTalents.csproj", "{59D4F767-F7BE-4AA4-B68E-524169476C4D}"
EndProject
Global
	GlobalSection(SolutionConfigurationPlatforms) = preSolution
		Debug|Any CPU = Debug|Any CPU
		Release|Any CPU = Release|Any CPU
	EndGlobalSection
	GlobalSection(ProjectConfigurationPlatforms) = postSolution
		{F85D528C-1C31-4934-BC3B-D2A0BC9061AC}.Debug|Any CPU.ActiveCfg = Debug|Any CPU
		{F85D528C-1C31-4934-BC3B-D2A0BC9061AC}.Debug|Any CPU.Build.0 = Debug|Any CPU
		{F85D528C-1C31-4934-BC3B-D2A0BC9061AC}.Release|Any CPU.ActiveCfg = Release|Any CPU
		{F85D528C-1C31-4934-BC3B-D2A0BC9061AC}.Release|Any CPU.Build.0 = Release|Any CPU
		{59D4F767-F7BE-4AA4-B68E-524169476C4D}.Debug|Any CPU.ActiveCfg = Debug|Any CPU
		{59D4F767-F7BE-4AA4-B68E-524169476C4D}.Debug|Any CPU.Build.0 = Debug|Any CPU
		{59D4F767-F7BE-4AA4-B68E-524169476C4D}.Release|Any CPU.ActiveCfg = Release|Any CPU
		{59D4F767-F7BE-4AA4-B68E-524169476C4D}.Release|Any CPU.Build.0 = Release|Any CPU
	EndGlobalSection
	GlobalSection(SolutionProperties) = preSolution
		HideSolutionNode = FALSE
	EndGlobalSection
	GlobalSection(ExtensibilityGlobals) = postSolution
		SolutionGuid = {D21B7902-C47A-4E94-8F18-86959237ACBB}
	EndGlobalSection
EndGlobal
